
Microsoft Visual Studio Solution File, Format Version 12.00
# Visual Studio Version 17
VisualStudioVersion = 17.0.31903.59
MinimumVisualStudioVersion = 10.0.40219.1
Project("{FAE04EC0-301F-11D3-BF4B-00C04F79EFBC}") = "OcelotApiGateway", "OcelotApiGateway\OcelotApiGateway.csproj", "{A6AA7163-D827-4451-AD80-C7FA770DEA7E}"
EndProject
Project("{FAE04EC0-301F-11D3-BF4B-00C04F79EFBC}") = "ProductApi", "ProductApi\ProductApi.csproj", "{E40A4C49-41A7-49D7-9E51-2782F3CBFF5D}"
EndProject
Global
	GlobalSection(SolutionConfigurationPlatforms) = preSolution
		Debug|Any CPU = Debug|Any CPU
		Release|Any CPU = Release|Any CPU
	EndGlobalSection
	GlobalSection(SolutionProperties) = preSolution
		HideSolutionNode = FALSE
	EndGlobalSection
	GlobalSection(ProjectConfigurationPlatforms) = postSolution
		{A6AA7163-D827-4451-AD80-C7FA770DEA7E}.Debug|Any CPU.ActiveCfg = Debug|Any CPU
		{A6AA7163-D827-4451-AD80-C7FA770DEA7E}.Debug|Any CPU.Build.0 = Debug|Any CPU
		{A6AA7163-D827-4451-AD80-C7FA770DEA7E}.Release|Any CPU.ActiveCfg = Release|Any CPU
		{A6AA7163-D827-4451-AD80-C7FA770DEA7E}.Release|Any CPU.Build.0 = Release|Any CPU
		{E40A4C49-41A7-49D7-9E51-2782F3CBFF5D}.Debug|Any CPU.ActiveCfg = Debug|Any CPU
		{E40A4C49-41A7-49D7-9E51-2782F3CBFF5D}.Debug|Any CPU.Build.0 = Debug|Any CPU
		{E40A4C49-41A7-49D7-9E51-2782F3CBFF5D}.Release|Any CPU.ActiveCfg = Release|Any CPU
		{E40A4C49-41A7-49D7-9E51-2782F3CBFF5D}.Release|Any CPU.Build.0 = Release|Any CPU
	EndGlobalSection
EndGlobal
